# This file is generated by running "yarn install" inside your project.
# Manual changes might be lost - proceed with caution!

__metadata:
  version: 8
  cacheKey: 10c0

"@vant/weapp@npm:^1.11.7":
  version: 1.11.7
  resolution: "@vant/weapp@npm:1.11.7"
  checksum: 10c0/266ed374ad4511ab1b75a6b19a0ebd40b63659a70a476639362605cc4566e5745d38793ce9d70764e1fc46e65e3f6f5ba802505c8314972b8ff28bd9bbcc260e
  languageName: node
  linkType: hard

"charenc@npm:0.0.2":
  version: 0.0.2
  resolution: "charenc@npm:0.0.2"
  checksum: 10c0/a45ec39363a16799d0f9365c8dd0c78e711415113c6f14787a22462ef451f5013efae8a28f1c058f81fc01f2a6a16955f7a5fd0cd56247ce94a45349c89877d8
  languageName: node
  linkType: hard

"crypt@npm:0.0.2":
  version: 0.0.2
  resolution: "crypt@npm:0.0.2"
  checksum: 10c0/adbf263441dd801665d5425f044647533f39f4612544071b1471962209d235042fb703c27eea2795c7c53e1dfc242405173003f83cf4f4761a633d11f9653f18
  languageName: node
  linkType: hard

"is-buffer@npm:~1.1.6":
  version: 1.1.6
  resolution: "is-buffer@npm:1.1.6"
  checksum: 10c0/ae18aa0b6e113d6c490ad1db5e8df9bdb57758382b313f5a22c9c61084875c6396d50bbf49315f5b1926d142d74dfb8d31b40d993a383e0a158b15fea7a82234
  languageName: node
  linkType: hard

"lodash@npm:^4.17.21":
  version: 4.17.21
  resolution: "lodash@npm:4.17.21"
  checksum: 10c0/d8cbea072bb08655bb4c989da418994b073a608dffa608b09ac04b43a791b12aeae7cd7ad919aa4c925f33b48490b5cfe6c1f71d827956071dae2e7bb3a6b74c
  languageName: node
  linkType: hard

"md5@npm:^2.3.0":
  version: 2.3.0
  resolution: "md5@npm:2.3.0"
  dependencies:
    charenc: "npm:0.0.2"
    crypt: "npm:0.0.2"
    is-buffer: "npm:~1.1.6"
  checksum: 10c0/14a21d597d92e5b738255fbe7fe379905b8cb97e0a49d44a20b58526a646ec5518c337b817ce0094ca94d3e81a3313879c4c7b510d250c282d53afbbdede9110
  languageName: node
  linkType: hard

"weapp-starter-template@workspace:.":
  version: 0.0.0-use.local
  resolution: "weapp-starter-template@workspace:."
  dependencies:
    "@vant/weapp": "npm:^1.11.7"
    lodash: "npm:^4.17.21"
    md5: "npm:^2.3.0"
  languageName: unknown
  linkType: soft
